
Microsoft Visual Studio Solution File, Format Version 12.00
# Visual Studio Version 17
VisualStudioVersion = 17.4.33205.214
MinimumVisualStudioVersion = 10.0.40219.1
Project("{FAE04EC0-301F-11D3-BF4B-00C04F79EFBC}") = "SalamisApp", "CekilisApp\SalamisApp.csproj", "{DD466A64-FA8A-48E4-861E-7EB56941C887}"
EndProject
Global
	GlobalSection(SolutionConfigurationPlatforms) = preSolution
		Debug|Any CPU = Debug|Any CPU
		Release|Any CPU = Release|Any CPU
	EndGlobalSection
	GlobalSection(ProjectConfigurationPlatforms) = postSolution
		{DD466A64-FA8A-48E4-861E-7EB56941C887}.Debug|Any CPU.ActiveCfg = Debug|Any CPU
		{DD466A64-FA8A-48E4-861E-7EB56941C887}.Debug|Any CPU.Build.0 = Debug|Any CPU
		{DD466A64-FA8A-48E4-861E-7EB56941C887}.Release|Any CPU.ActiveCfg = Release|Any CPU
		{DD466A64-FA8A-48E4-861E-7EB56941C887}.Release|Any CPU.Build.0 = Release|Any CPU
	EndGlobalSection
	GlobalSection(SolutionProperties) = preSolution
		HideSolutionNode = FALSE
	EndGlobalSection
	GlobalSection(ExtensibilityGlobals) = postSolution
		SolutionGuid = {DB80A9F6-5B72-4C0B-81CD-519B03D01D28}
	EndGlobalSection
EndGlobal
